
Microsoft Visual Studio Solution File, Format Version 12.00
# Visual Studio Version 17
VisualStudioVersion = 17.13.36105.23 d17.13
MinimumVisualStudioVersion = 10.0.40219.1
Project("{FAE04EC0-301F-11D3-BF4B-00C04F79EFBC}") = "CBAP", "CBAP.csproj", "{24461948-6E4C-53FE-6271-F0F9D3A5B145}"
EndProject
Project("{FAE04EC0-301F-11D3-BF4B-00C04F79EFBC}") = "CBAP.Desktop", "..\CBAP.Desktop\CBAP.Desktop.csproj", "{586E77D1-BA7E-6D25-8F90-951E09C0245A}"
EndProject
Global
	GlobalSection(SolutionConfigurationPlatforms) = preSolution
		Debug|Any CPU = Debug|Any CPU
		Release|Any CPU = Release|Any CPU
	EndGlobalSection
	GlobalSection(ProjectConfigurationPlatforms) = postSolution
		{24461948-6E4C-53FE-6271-F0F9D3A5B145}.Debug|Any CPU.ActiveCfg = Debug|Any CPU
		{24461948-6E4C-53FE-6271-F0F9D3A5B145}.Debug|Any CPU.Build.0 = Debug|Any CPU
		{24461948-6E4C-53FE-6271-F0F9D3A5B145}.Release|Any CPU.ActiveCfg = Release|Any CPU
		{24461948-6E4C-53FE-6271-F0F9D3A5B145}.Release|Any CPU.Build.0 = Release|Any CPU
		{586E77D1-BA7E-6D25-8F90-951E09C0245A}.Debug|Any CPU.ActiveCfg = Debug|Any CPU
		{586E77D1-BA7E-6D25-8F90-951E09C0245A}.Debug|Any CPU.Build.0 = Debug|Any CPU
		{586E77D1-BA7E-6D25-8F90-951E09C0245A}.Release|Any CPU.ActiveCfg = Release|Any CPU
		{586E77D1-BA7E-6D25-8F90-951E09C0245A}.Release|Any CPU.Build.0 = Release|Any CPU
	EndGlobalSection
	GlobalSection(SolutionProperties) = preSolution
		HideSolutionNode = FALSE
	EndGlobalSection
	GlobalSection(ExtensibilityGlobals) = postSolution
		SolutionGuid = {AD4D3B4D-D5A7-448F-BB87-973C680B148A}
	EndGlobalSection
EndGlobal
